// !$*UTF8*$!
{
	archiveVersion = 1;
	classes = {
	};
	objectVersion = 46;
	objects = {

/* Begin PBXBuildFile section */
		7159C6451B1DAC6400E7E16D /* main.m in Sources */ = {isa = PBXBuildFile; fileRef = 7159C6441B1DAC6400E7E16D /* main.m */; };
		7159C6481B1DAC6400E7E16D /* AppDelegate.m in Sources */ = {isa = PBXBuildFile; fileRef = 7159C6471B1DAC6400E7E16D /* AppDelegate.m */; };
		7159C64B1B1DAC6400E7E16D /* FirstViewController.m in Sources */ = {isa = PBXBuildFile; fileRef = 7159C64A1B1DAC6400E7E16D /* FirstViewController.m */; };
		7159C64E1B1DAC6400E7E16D /* SecondViewController.m in Sources */ = {isa = PBXBuildFile; fileRef = 7159C64D1B1DAC6400E7E16D /* SecondViewController.m */; };
		7159C6511B1DAC6400E7E16D /* Main.storyboard in Resources */ = {isa = PBXBuildFile; fileRef = 7159C64F1B1DAC6400E7E16D /* Main.storyboard */; };
		7159C6531B1DAC6400E7E16D /* Images.xcassets in Resources */ = {isa = PBXBuildFile; fileRef = 7159C6521B1DAC6400E7E16D /* Images.xcassets */; };
		7159C6561B1DAC6400E7E16D /* LaunchScreen.xib in Resources */ = {isa = PBXBuildFile; fileRef = 7159C6541B1DAC6400E7E16D /* LaunchScreen.xib */; };
		7159C6621B1DAC6500E7E16D /* RAYPopoverViewTests.m in Sources */ = {isa = PBXBuildFile; fileRef = 7159C6611B1DAC6500E7E16D /* RAYPopoverViewTests.m */; };
		7159C66E1B1DB27300E7E16D /* RAYPopoverView.m in Sources */ = {isa = PBXBuildFile; fileRef = 7159C66D1B1DB27300E7E16D /* RAYPopoverView.m */; };
/* End PBXBuildFile section */

/* Begin PBXContainerItemProxy section */
		7159C65C1B1DAC6500E7E16D /* PBXContainerItemProxy */ = {
			isa = PBXContainerItemProxy;
			containerPortal = 7159C6371B1DAC6400E7E16D /* Project object */;
			proxyType = 1;
			remoteGlobalIDString = 7159C63E1B1DAC6400E7E16D;
			remoteInfo = RAYPopoverView;
		};
/* End PBXContainerItemProxy section */

/* Begin PBXFileReference section */
		7159C63F1B1DAC6400E7E16D /* RAYPopoverView.app */ = {isa = PBXFileReference; explicitFileType = wrapper.application; includeInIndex = 0; path = RAYPopoverView.app; sourceTree = BUILT_PRODUCTS_DIR; };
		7159C6431B1DAC6400E7E16D /* Info.plist */ = {isa = PBXFileReference; lastKnownFileType = text.plist.xml; path = Info.plist; sourceTree = "<group>"; };
		7159C6441B1DAC6400E7E16D /* main.m */ = {isa = PBXFileReference; lastKnownFileType = sourcecode.c.objc; path = main.m; sourceTree = "<group>"; };
		7159C6461B1DAC6400E7E16D /* AppDelegate.h */ = {isa = PBXFileReference; lastKnownFileType = sourcecode.c.h; path = AppDelegate.h; sourceTree = "<group>"; };
		7159C6471B1DAC6400E7E16D /* AppDelegate.m */ = {isa = PBXFileReference; lastKnownFileType = sourcecode.c.objc; path = AppDelegate.m; sourceTree = "<group>"; };
		7159C6491B1DAC6400E7E16D /* FirstViewController.h */ = {isa = PBXFileReference; lastKnownFileType = sourcecode.c.h; path = FirstViewController.h; sourceTree = "<group>"; };
		7159C64A1B1DAC6400E7E16D /* FirstViewController.m */ = {isa = PBXFileReference; lastKnownFileType = sourcecode.c.objc; path = FirstViewController.m; sourceTree = "<group>"; };
		7159C64C1B1DAC6400E7E16D /* SecondViewController.h */ = {isa = PBXFileReference; lastKnownFileType = sourcecode.c.h; path = SecondViewController.h; sourceTree = "<group>"; };
		7159C64D1B1DAC6400E7E16D /* SecondViewController.m */ = {isa = PBXFileReference; lastKnownFileType = sourcecode.c.objc; path = SecondViewController.m; sourceTree = "<group>"; };
		7159C6501B1DAC6400E7E16D /* Base */ = {isa = PBXFileReference; lastKnownFileType = file.storyboard; name = Base; path = Base.lproj/Main.storyboard; sourceTree = "<group>"; };
		7159C6521B1DAC6400E7E16D /* Images.xcassets */ = {isa = PBXFileReference; lastKnownFileType = folder.assetcatalog; path = Images.xcassets; sourceTree = "<group>"; };
		7159C6551B1DAC6400E7E16D /* Base */ = {isa = PBXFileReference; lastKnownFileType = file.xib; name = Base; path = Base.lproj/LaunchScreen.xib; sourceTree = "<group>"; };
		7159C65B1B1DAC6500E7E16D /* RAYPopoverViewTests.xctest */ = {isa = PBXFileReference; explicitFileType = wrapper.cfbundle; includeInIndex = 0; path = RAYPopoverViewTests.xctest; sourceTree = BUILT_PRODUCTS_DIR; };
		7159C6601B1DAC6500E7E16D /* Info.plist */ = {isa = PBXFileReference; lastKnownFileType = text.plist.xml; path = Info.plist; sourceTree = "<group>"; };
		7159C6611B1DAC6500E7E16D /* RAYPopoverViewTests.m */ = {isa = PBXFileReference; lastKnownFileType = sourcecode.c.objc; path = RAYPopoverViewTests.m; sourceTree = "<group>"; };
		7159C66C1B1DB27300E7E16D /* RAYPopoverView.h */ = {isa = PBXFileReference; fileEncoding = 4; lastKnownFileType = sourcecode.c.h; name = RAYPopoverView.h; path = PopoverView/RAYPopoverView.h; sourceTree = "<group>"; };
		7159C66D1B1DB27300E7E16D /* RAYPopoverView.m */ = {isa = PBXFileReference; fileEncoding = 4; lastKnownFileType = sourcecode.c.objc; name = RAYPopoverView.m; path = PopoverView/RAYPopoverView.m; sourceTree = "<group>"; };
/* End PBXFileReference section */

/* Begin PBXFrameworksBuildPhase section */
		7159C63C1B1DAC6400E7E16D /* Frameworks */ = {
			isa = PBXFrameworksBuildPhase;
			buildActionMask = 2147483647;
			files = (
			);
			runOnlyForDeploymentPostprocessing = 0;
		};
		7159C6581B1DAC6500E7E16D /* Frameworks */ = {
			isa = PBXFrameworksBuildPhase;
			buildActionMask = 2147483647;
			files = (
			);
			runOnlyForDeploymentPostprocessing = 0;
		};
/* End PBXFrameworksBuildPhase section */

/* Begin PBXGroup section */
		7159C6361B1DAC6400E7E16D = {
			isa = PBXGroup;
			children = (
				7159C6411B1DAC6400E7E16D /* RAYPopoverView */,
				7159C65E1B1DAC6500E7E16D /* RAYPopoverViewTests */,
				7159C6401B1DAC6400E7E16D /* Products */,
			);
			sourceTree = "<group>";
		};
		7159C6401B1DAC6400E7E16D /* Products */ = {
			isa = PBXGroup;
			children = (
				7159C63F1B1DAC6400E7E16D /* RAYPopoverView.app */,
				7159C65B1B1DAC6500E7E16D /* RAYPopoverViewTests.xctest */,
			);
			name = Products;
			sourceTree = "<group>";
		};
		7159C6411B1DAC6400E7E16D /* RAYPopoverView */ = {
			isa = PBXGroup;
			children = (
				7159C66B1B1DB1E400E7E16D /* PopoverView */,
				7159C6461B1DAC6400E7E16D /* AppDelegate.h */,
				7159C6471B1DAC6400E7E16D /* AppDelegate.m */,
				7159C6491B1DAC6400E7E16D /* FirstViewController.h */,
				7159C64A1B1DAC6400E7E16D /* FirstViewController.m */,
				7159C64C1B1DAC6400E7E16D /* SecondViewController.h */,
				7159C64D1B1DAC6400E7E16D /* SecondViewController.m */,
				7159C64F1B1DAC6400E7E16D /* Main.storyboard */,
				7159C6521B1DAC6400E7E16D /* Images.xcassets */,
				7159C6541B1DAC6400E7E16D /* LaunchScreen.xib */,
				7159C6421B1DAC6400E7E16D /* Supporting Files */,
			);
			path = RAYPopoverView;
			sourceTree = "<group>";
		};
		7159C6421B1DAC6400E7E16D /* Supporting Files */ = {
			isa = PBXGroup;
			children = (
				7159C6431B1DAC6400E7E16D /* Info.plist */,
				7159C6441B1DAC6400E7E16D /* main.m */,
			);
			name = "Supporting Files";
			sourceTree = "<group>";
		};
		7159C65E1B1DAC6500E7E16D /* RAYPopoverViewTests */ = {
			isa = PBXGroup;
			children = (
				7159C6611B1DAC6500E7E16D /* RAYPopoverViewTests.m */,
				7159C65F1B1DAC6500E7E16D /* Supporting Files */,
			);
			path = RAYPopoverViewTests;
			sourceTree = "<group>";
		};
		7159C65F1B1DAC6500E7E16D /* Supporting Files */ = {
			isa = PBXGroup;
			children = (
				7159C6601B1DAC6500E7E16D /* Info.plist */,
			);
			name = "Supporting Files";
			sourceTree = "<group>";
		};
		7159C66B1B1DB1E400E7E16D /* PopoverView */ = {
			isa = PBXGroup;
			children = (
				7159C66C1B1DB27300E7E16D /* RAYPopoverView.h */,
				7159C66D1B1DB27300E7E16D /* RAYPopoverView.m */,
			);
			name = PopoverView;
			sourceTree = "<group>";
		};
/* End PBXGroup section */

/* Begin PBXNativeTarget section */
		7159C63E1B1DAC6400E7E16D /* RAYPopoverView */ = {
			isa = PBXNativeTarget;
			buildConfigurationList = 7159C6651B1DAC6500E7E16D /* Build configuration list for PBXNativeTarget "RAYPopoverView" */;
			buildPhases = (
				7159C63B1B1DAC6400E7E16D /* Sources */,
				7159C63C1B1DAC6400E7E16D /* Frameworks */,
				7159C63D1B1DAC6400E7E16D /* Resources */,
			);
			buildRules = (
			);
			dependencies = (
			);
			name = RAYPopoverView;
			productName = RAYPopoverView;
			productReference = 7159C63F1B1DAC6400E7E16D /* RAYPopoverView.app */;
			productType = "com.apple.product-type.application";
		};
		7159C65A1B1DAC6500E7E16D /* RAYPopoverViewTests */ = {
			isa = PBXNativeTarget;
			buildConfigurationList = 7159C6681B1DAC6500E7E16D /* Build configuration list for PBXNativeTarget "RAYPopoverViewTests" */;
			buildPhases = (
				7159C6571B1DAC6500E7E16D /* Sources */,
				7159C6581B1DAC6500E7E16D /* Frameworks */,
				7159C6591B1DAC6500E7E16D /* Resources */,
			);
			buildRules = (
			);
			dependencies = (
				7159C65D1B1DAC6500E7E16D /* PBXTargetDependency */,
			);
			name = RAYPopoverViewTests;
			productName = RAYPopoverViewTests;
			productReference = 7159C65B1B1DAC6500E7E16D /* RAYPopoverViewTests.xctest */;
			productType = "com.apple.product-type.bundle.unit-test";
		};
/* End PBXNativeTarget section */

/* Begin PBXProject section */
		7159C6371B1DAC6400E7E16D /* Project object */ = {
			isa = PBXProject;
			attributes = {
				LastUpgradeCheck = 0630;
				ORGANIZATIONNAME = richerpay;
				TargetAttributes = {
					7159C63E1B1DAC6400E7E16D = {
						CreatedOnToolsVersion = 6.3.1;
					};
					7159C65A1B1DAC6500E7E16D = {
						CreatedOnToolsVersion = 6.3.1;
						TestTargetID = 7159C63E1B1DAC6400E7E16D;
					};
				};
			};
			buildConfigurationList = 7159C63A1B1DAC6400E7E16D /* Build configuration list for PBXProject "RAYPopoverView" */;
			compatibilityVersion = "Xcode 3.2";
			developmentRegion = English;
			hasScannedForEncodings = 0;
			knownRegions = (
				en,
				Base,
			);
			mainGroup = 7159C6361B1DAC6400E7E16D;
			productRefGroup = 7159C6401B1DAC6400E7E16D /* Products */;
			projectDirPath = "";
			projectRoot = "";
			targets = (
				7159C63E1B1DAC6400E7E16D /* RAYPopoverView */,
				7159C65A1B1DAC6500E7E16D /* RAYPopoverViewTests */,
			);
		};
/* End PBXProject section */

/* Begin PBXResourcesBuildPhase section */
		7159C63D1B1DAC6400E7E16D /* Resources */ = {
			isa = PBXResourcesBuildPhase;
			buildActionMask = 2147483647;
			files = (
				7159C6511B1DAC6400E7E16D /* Main.storyboard in Resources */,
				7159C6561B1DAC6400E7E16D /* LaunchScreen.xib in Resources */,
				7159C6531B1DAC6400E7E16D /* Images.xcassets in Resources */,
			);
			runOnlyForDeploymentPostprocessing = 0;
		};
		7159C6591B1DAC6500E7E16D /* Resources */ = {
			isa = PBXResourcesBuildPhase;
			buildActionMask = 2147483647;
			files = (
			);
			runOnlyForDeploymentPostprocessing = 0;
		};
/* End PBXResourcesBuildPhase section */

/* Begin PBXSourcesBuildPhase section */
		7159C63B1B1DAC6400E7E16D /* Sources */ = {
			isa = PBXSourcesBuildPhase;
			buildActionMask = 2147483647;
			files = (
				7159C64E1B1DAC6400E7E16D /* SecondViewController.m in Sources */,
				7159C6481B1DAC6400E7E16D /* AppDelegate.m in Sources */,
				7159C66E1B1DB27300E7E16D /* RAYPopoverView.m in Sources */,
				7159C64B1B1DAC6400E7E16D /* FirstViewController.m in Sources */,
				7159C6451B1DAC6400E7E16D /* main.m in Sources */,
			);
			runOnlyForDeploymentPostprocessing = 0;
		};
		7159C6571B1DAC6500E7E16D /* Sources */ = {
			isa = PBXSourcesBuildPhase;
			buildActionMask = 2147483647;
			files = (
				7159C6621B1DAC6500E7E16D /* RAYPopoverViewTests.m in Sources */,
			);
			runOnlyForDeploymentPostprocessing = 0;
		};
/* End PBXSourcesBuildPhase section */

/* Begin PBXTargetDependency section */
		7159C65D1B1DAC6500E7E16D /* PBXTargetDependency */ = {
			isa = PBXTargetDependency;
			target = 7159C63E1B1DAC6400E7E16D /* RAYPopoverView */;
			targetProxy = 7159C65C1B1DAC6500E7E16D /* PBXContainerItemProxy */;
		};
/* End PBXTargetDependency section */

/* Begin PBXVariantGroup section */
		7159C64F1B1DAC6400E7E16D /* Main.storyboard */ = {
			isa = PBXVariantGroup;
			children = (
				7159C6501B1DAC6400E7E16D /* Base */,
			);
			name = Main.storyboard;
			sourceTree = "<group>";
		};
		7159C6541B1DAC6400E7E16D /* LaunchScreen.xib */ = {
			isa = PBXVariantGroup;
			children = (
				7159C6551B1DAC6400E7E16D /* Base */,
			);
			name = LaunchScreen.xib;
			sourceTree = "<group>";
		};
/* End PBXVariantGroup section */

/* Begin XCBuildConfiguration section */
		7159C6631B1DAC6500E7E16D /* Debug */ = {
			isa = XCBuildConfiguration;
			buildSettings = {
				ALWAYS_SEARCH_USER_PATHS = NO;
				CLANG_CXX_LANGUAGE_STANDARD = "gnu++0x";
				CLANG_CXX_LIBRARY = "libc++";
				CLANG_ENABLE_MODULES = YES;
				CLANG_ENABLE_OBJC_ARC = YES;
				CLANG_WARN_BOOL_CONVERSION = YES;
				CLANG_WARN_CONSTANT_CONVERSION = YES;
				CLANG_WARN_DIRECT_OBJC_ISA_USAGE = YES_ERROR;
				CLANG_WARN_EMPTY_BODY = YES;
				CLANG_WARN_ENUM_CONVERSION = YES;
				CLANG_WARN_INT_CONVERSION = YES;
				CLANG_WARN_OBJC_ROOT_CLASS = YES_ERROR;
				CLANG_WARN_UNREACHABLE_CODE = YES;
				CLANG_WARN__DUPLICATE_METHOD_MATCH = YES;
				"CODE_SIGN_IDENTITY[sdk=iphoneos*]" = "iPhone Developer";
				COPY_PHASE_STRIP = NO;
				DEBUG_INFORMATION_FORMAT = "dwarf-with-dsym";
				ENABLE_STRICT_OBJC_MSGSEND = YES;
				GCC_C_LANGUAGE_STANDARD = gnu99;
				GCC_DYNAMIC_NO_PIC = NO;
				GCC_NO_COMMON_BLOCKS = YES;
				GCC_OPTIMIZATION_LEVEL = 0;
				GCC_PREPROCESSOR_DEFINITIONS = (
					"DEBUG=1",
					"$(inherited)",
				);
				GCC_SYMBOLS_PRIVATE_EXTERN = NO;
				GCC_WARN_64_TO_32_BIT_CONVERSION = YES;
				GCC_WARN_ABOUT_RETURN_TYPE = YES_ERROR;
				GCC_WARN_UNDECLARED_SELECTOR = YES;
				GCC_WARN_UNINITIALIZED_AUTOS = YES_AGGRESSIVE;
				GCC_WARN_UNUSED_FUNCTION = YES;
				GCC_WARN_UNUSED_VARIABLE = YES;
				IPHONEOS_DEPLOYMENT_TARGET = 8.3;
				MTL_ENABLE_DEBUG_INFO = YES;
				ONLY_ACTIVE_ARCH = YES;
				SDKROOT = iphoneos;
			};
			name = Debug;
		};
		7159C6641B1DAC6500E7E16D /* Release */ = {
			isa = XCBuildConfiguration;
			buildSettings = {
				ALWAYS_SEARCH_USER_PATHS = NO;
				CLANG_CXX_LANGUAGE_STANDARD = "gnu++0x";
				CLANG_CXX_LIBRARY = "libc++";
				CLANG_ENABLE_MODULES = YES;
				CLANG_ENABLE_OBJC_ARC = YES;
				CLANG_WARN_BOOL_CONVERSION = YES;
				CLANG_WARN_CONSTANT_CONVERSION = YES;
				CLANG_WARN_DIRECT_OBJC_ISA_USAGE = YES_ERROR;
				CLANG_WARN_EMPTY_BODY = YES;
				CLANG_WARN_ENUM_CONVERSION = YES;
				CLANG_WARN_INT_CONVERSION = YES;
				CLANG_WARN_OBJC_ROOT_CLASS = YES_ERROR;
				CLANG_WARN_UNREACHABLE_CODE = YES;
				CLANG_WARN__DUPLICATE_METHOD_MATCH = YES;
				"CODE_SIGN_IDENTITY[sdk=iphoneos*]" = "iPhone Developer";
				COPY_PHASE_STRIP = NO;
				DEBUG_INFORMATION_FORMAT = "dwarf-with-dsym";
				ENABLE_NS_ASSERTIONS = NO;
				ENABLE_STRICT_OBJC_MSGSEND = YES;
				GCC_C_LANGUAGE_STANDARD = gnu99;
				GCC_NO_COMMON_BLOCKS = YES;
				GCC_WARN_64_TO_32_BIT_CONVERSION = YES;
				GCC_WARN_ABOUT_RETURN_TYPE = YES_ERROR;
				GCC_WARN_UNDECLARED_SELECTOR = YES;
				GCC_WARN_UNINITIALIZED_AUTOS = YES_AGGRESSIVE;
				GCC_WARN_UNUSED_FUNCTION = YES;
				GCC_WARN_UNUSED_VARIABLE = YES;
				IPHONEOS_DEPLOYMENT_TARGET = 8.3;
				MTL_ENABLE_DEBUG_INFO = NO;
				SDKROOT = iphoneos;
				VALIDATE_PRODUCT = YES;
			};
			name = Release;
		};
		7159C6661B1DAC6500E7E16D /* Debug */ = {
			isa = XCBuildConfiguration;
			buildSettings = {
				ASSETCATALOG_COMPILER_APPICON_NAME = AppIcon;
				INFOPLIST_FILE = RAYPopoverView/Info.plist;
				LD_RUNPATH_SEARCH_PATHS = "$(inherited) @executable_path/Frameworks";
				PRODUCT_NAME = "$(TARGET_NAME)";
			};
			name = Debug;
		};
		7159C6671B1DAC6500E7E16D /* Release */ = {
			isa = XCBuildConfiguration;
			buildSettings = {
				ASSETCATALOG_COMPILER_APPICON_NAME = AppIcon;
				INFOPLIST_FILE = RAYPopoverView/Info.plist;
				LD_RUNPATH_SEARCH_PATHS = "$(inherited) @executable_path/Frameworks";
				PRODUCT_NAME = "$(TARGET_NAME)";
			};
			name = Release;
		};
		7159C6691B1DAC6500E7E16D /* Debug */ = {
			isa = XCBuildConfiguration;
			buildSettings = {
				BUNDLE_LOADER = "$(TEST_HOST)";
				FRAMEWORK_SEARCH_PATHS = (
					"$(SDKROOT)/Developer/Library/Frameworks",
					"$(inherited)",
				);
				GCC_PREPROCESSOR_DEFINITIONS = (
					"DEBUG=1",
					"$(inherited)",
				);
				INFOPLIST_FILE = RAYPopoverViewTests/Info.plist;
				LD_RUNPATH_SEARCH_PATHS = "$(inherited) @executable_path/Frameworks @loader_path/Frameworks";
				PRODUCT_NAME = "$(TARGET_NAME)";
				TEST_HOST = "$(BUILT_PRODUCTS_DIR)/RAYPopoverView.app/RAYPopoverView";
			};
			name = Debug;
		};
		7159C66A1B1DAC6500E7E16D /* Release */ = {
			isa = XCBuildConfiguration;
			buildSettings = {
				BUNDLE_LOADER = "$(TEST_HOST)";
				FRAMEWORK_SEARCH_PATHS = (
					"$(SDKROOT)/Developer/Library/Frameworks",
					"$(inherited)",
				);
				INFOPLIST_FILE = RAYPopoverViewTests/Info.plist;
				LD_RUNPATH_SEARCH_PATHS = "$(inherited) @executable_path/Frameworks @loader_path/Frameworks";
				PRODUCT_NAME = "$(TARGET_NAME)";
				TEST_HOST = "$(BUILT_PRODUCTS_DIR)/RAYPopoverView.app/RAYPopoverView";
			};
			name = Release;
		};
/* End XCBuildConfiguration section */

/* Begin XCConfigurationList section */
		7159C63A1B1DAC6400E7E16D /* Build configuration list for PBXProject "RAYPopoverView" */ = {
			isa = XCConfigurationList;
			buildConfigurations = (
				7159C6631B1DAC6500E7E16D /* Debug */,
				7159C6641B1DAC6500E7E16D /* Release */,
			);
			defaultConfigurationIsVisible = 0;
			defaultConfigurationName = Release;
		};
		7159C6651B1DAC6500E7E16D /* Build configuration list for PBXNativeTarget "RAYPopoverView" */ = {
			isa = XCConfigurationList;
			buildConfigurations = (
				7159C6661B1DAC6500E7E16D /* Debug */,
				7159C6671B1DAC6500E7E16D /* Release */,
			);
			defaultConfigurationIsVisible = 0;
		};
		7159C6681B1DAC6500E7E16D /* Build configuration list for PBXNativeTarget "RAYPopoverViewTests" */ = {
			isa = XCConfigurationList;
			buildConfigurations = (
				7159C6691B1DAC6500E7E16D /* Debug */,
				7159C66A1B1DAC6500E7E16D /* Release */,
			);
			defaultConfigurationIsVisible = 0;
		};
/* End XCConfigurationList section */
	};
	rootObject = 7159C6371B1DAC6400E7E16D /* Project object */;
}
